
Microsoft Visual Studio Solution File, Format Version 12.00
# Visual Studio Version 17
VisualStudioVersion = 17.9.34728.123
MinimumVisualStudioVersion = 10.0.40219.1
Project("{9A19103F-16F7-4668-BE54-9A1E7A4F7556}") = "SoundWeb", "SoundWeb\SoundWeb.csproj", "{92825AA9-6A73-4941-8F28-5E463736DADE}"
EndProject
Project("{9A19103F-16F7-4668-BE54-9A1E7A4F7556}") = "DAL", "DAL\DAL.csproj", "{88885FC7-27AB-4065-9BCB-CF59AE1735BC}"
EndProject
Project("{9A19103F-16F7-4668-BE54-9A1E7A4F7556}") = "BLL", "BLL\BLL.csproj", "{0E88106A-5B03-4A7B-88B3-221098F757CC}"
EndProject
Global
	GlobalSection(SolutionConfigurationPlatforms) = preSolution
		Debug|Any CPU = Debug|Any CPU
		Release|Any CPU = Release|Any CPU
	EndGlobalSection
	GlobalSection(ProjectConfigurationPlatforms) = postSolution
		{92825AA9-6A73-4941-8F28-5E463736DADE}.Debug|Any CPU.ActiveCfg = Debug|Any CPU
		{92825AA9-6A73-4941-8F28-5E463736DADE}.Debug|Any CPU.Build.0 = Debug|Any CPU
		{92825AA9-6A73-4941-8F28-5E463736DADE}.Release|Any CPU.ActiveCfg = Release|Any CPU
		{92825AA9-6A73-4941-8F28-5E463736DADE}.Release|Any CPU.Build.0 = Release|Any CPU
		{88885FC7-27AB-4065-9BCB-CF59AE1735BC}.Debug|Any CPU.ActiveCfg = Debug|Any CPU
		{88885FC7-27AB-4065-9BCB-CF59AE1735BC}.Debug|Any CPU.Build.0 = Debug|Any CPU
		{88885FC7-27AB-4065-9BCB-CF59AE1735BC}.Release|Any CPU.ActiveCfg = Release|Any CPU
		{88885FC7-27AB-4065-9BCB-CF59AE1735BC}.Release|Any CPU.Build.0 = Release|Any CPU
		{0E88106A-5B03-4A7B-88B3-221098F757CC}.Debug|Any CPU.ActiveCfg = Debug|Any CPU
		{0E88106A-5B03-4A7B-88B3-221098F757CC}.Debug|Any CPU.Build.0 = Debug|Any CPU
		{0E88106A-5B03-4A7B-88B3-221098F757CC}.Release|Any CPU.ActiveCfg = Release|Any CPU
		{0E88106A-5B03-4A7B-88B3-221098F757CC}.Release|Any CPU.Build.0 = Release|Any CPU
	EndGlobalSection
	GlobalSection(SolutionProperties) = preSolution
		HideSolutionNode = FALSE
	EndGlobalSection
	GlobalSection(ExtensibilityGlobals) = postSolution
		SolutionGuid = {7C26AA60-6394-411B-9356-924E1D0198E5}
	EndGlobalSection
EndGlobal
